
Microsoft Visual Studio Solution File, Format Version 12.00
# Visual Studio Version 17
VisualStudioVersion = 17.4.33103.184
MinimumVisualStudioVersion = 10.0.40219.1
Project("{FAE04EC0-301F-11D3-BF4B-00C04F79EFBC}") = "FPTBookStore", "FPTBookStore\FPTBookStore.csproj", "{11C0D8A8-88EF-4AC8-AF91-323780BF6F03}"
EndProject
Global
	GlobalSection(SolutionConfigurationPlatforms) = preSolution
		Debug|Any CPU = Debug|Any CPU
		Release|Any CPU = Release|Any CPU
	EndGlobalSection
	GlobalSection(ProjectConfigurationPlatforms) = postSolution
		{11C0D8A8-88EF-4AC8-AF91-323780BF6F03}.Debug|Any CPU.ActiveCfg = Debug|Any CPU
		{11C0D8A8-88EF-4AC8-AF91-323780BF6F03}.Debug|Any CPU.Build.0 = Debug|Any CPU
		{11C0D8A8-88EF-4AC8-AF91-323780BF6F03}.Release|Any CPU.ActiveCfg = Release|Any CPU
		{11C0D8A8-88EF-4AC8-AF91-323780BF6F03}.Release|Any CPU.Build.0 = Release|Any CPU
	EndGlobalSection
	GlobalSection(SolutionProperties) = preSolution
		HideSolutionNode = FALSE
	EndGlobalSection
	GlobalSection(ExtensibilityGlobals) = postSolution
		SolutionGuid = {0972DCC1-3402-479B-9DBB-226D264A3410}
	EndGlobalSection
EndGlobal
